DEPENDENCIES
  apache2 (~> 3.0.1)
  git (~> 4.1.0)
  mlocate (~> 0.3.2)
  vim (~> 1.1.2)
  yum (~> 3.5.3)
  yum-centos (~> 0.4.0)
  yum-epel (~> 0.6.0)
  yum-repoforge (~> 0.5.0)

GRAPH
  apache2 (3.0.1)
    iptables (>= 0.0.0)
    logrotate (>= 0.0.0)
  apt (2.7.0)
  build-essential (2.2.1)
  chef_handler (1.1.6)
  dmg (2.2.2)
  git (4.1.0)
    build-essential (>= 0.0.0)
    dmg (>= 0.0.0)
    runit (>= 1.0)
    windows (>= 0.0.0)
    yum (~> 3.0)
    yum-epel (>= 0.0.0)
  iptables (0.14.1)
  logrotate (1.9.1)
  mlocate (0.3.2)
    apt (>= 0.0.0)
  runit (1.5.18)
    build-essential (>= 0.0.0)
    yum (~> 3.0)
    yum-epel (>= 0.0.0)
  vim (1.1.2)
  windows (1.36.6)
    chef_handler (>= 0.0.0)
  yum (3.5.3)
  yum-centos (0.4.0)
    yum (~> 3.0)
  yum-epel (0.6.0)
    yum (~> 3.0)
  yum-repoforge (0.5.0)
    yum (~> 3.0)
    yum-epel (>= 0.0.0)
